
Microsoft Visual Studio Solution File, Format Version 12.00
# Visual Studio Express 2013 for Windows Desktop
VisualStudioVersion = 12.0.31101.0
MinimumVisualStudioVersion = 10.0.40219.1
Project("{F2A71F9B-5D33-465A-A702-920D77279786}") = "CsvExcelPlotter", "CsvExcelPlotter\CsvExcelPlotter.fsproj", "{DA49B28A-E1F0-4B81-8B62-DFECD10509A3}"
EndProject
Project("{F2A71F9B-5D33-465A-A702-920D77279786}") = "UseCsvExcelPlotter", "UseCsvExcelPlotter\UseCsvExcelPlotter.fsproj", "{5D4D5933-77E5-4DB0-8ED4-BB946688AA24}"
EndProject
Global
	GlobalSection(SolutionConfigurationPlatforms) = preSolution
		Debug|Any CPU = Debug|Any CPU
		Release|Any CPU = Release|Any CPU
	EndGlobalSection
	GlobalSection(ProjectConfigurationPlatforms) = postSolution
		{DA49B28A-E1F0-4B81-8B62-DFECD10509A3}.Debug|Any CPU.ActiveCfg = Debug|Any CPU
		{DA49B28A-E1F0-4B81-8B62-DFECD10509A3}.Debug|Any CPU.Build.0 = Debug|Any CPU
		{DA49B28A-E1F0-4B81-8B62-DFECD10509A3}.Release|Any CPU.ActiveCfg = Release|Any CPU
		{DA49B28A-E1F0-4B81-8B62-DFECD10509A3}.Release|Any CPU.Build.0 = Release|Any CPU
		{5D4D5933-77E5-4DB0-8ED4-BB946688AA24}.Debug|Any CPU.ActiveCfg = Debug|Any CPU
		{5D4D5933-77E5-4DB0-8ED4-BB946688AA24}.Debug|Any CPU.Build.0 = Debug|Any CPU
		{5D4D5933-77E5-4DB0-8ED4-BB946688AA24}.Release|Any CPU.ActiveCfg = Release|Any CPU
		{5D4D5933-77E5-4DB0-8ED4-BB946688AA24}.Release|Any CPU.Build.0 = Release|Any CPU
	EndGlobalSection
	GlobalSection(SolutionProperties) = preSolution
		HideSolutionNode = FALSE
	EndGlobalSection
EndGlobal
